// !$*UTF8*$!
{
	archiveVersion = 1;
	classes = {
	};
	objectVersion = 55;
	objects = {

/* Begin PBXBuildFile section */
		90632B0728ABC15800D98D15 /* Tests_iOS.swift in Sources */ = {isa = PBXBuildFile; fileRef = 90632B0628ABC15800D98D15 /* Tests_iOS.swift */; };
		90632B0928ABC15800D98D15 /* Tests_iOSLaunchTests.swift in Sources */ = {isa = PBXBuildFile; fileRef = 90632B0828ABC15800D98D15 /* Tests_iOSLaunchTests.swift */; };
		90632B1328ABC15800D98D15 /* Tests_macOS.swift in Sources */ = {isa = PBXBuildFile; fileRef = 90632B1228ABC15800D98D15 /* Tests_macOS.swift */; };
		90632B1528ABC15800D98D15 /* Tests_macOSLaunchTests.swift in Sources */ = {isa = PBXBuildFile; fileRef = 90632B1428ABC15800D98D15 /* Tests_macOSLaunchTests.swift */; };
		90632B1628ABC15800D98D15 /* LoginScreenUIApp.swift in Sources */ = {isa = PBXBuildFile; fileRef = 90632AEE28ABC15100D98D15 /* LoginScreenUIApp.swift */; };
		90632B1728ABC15800D98D15 /* LoginScreenUIApp.swift in Sources */ = {isa = PBXBuildFile; fileRef = 90632AEE28ABC15100D98D15 /* LoginScreenUIApp.swift */; };
		90632B1828ABC15800D98D15 /* ContentView.swift in Sources */ = {isa = PBXBuildFile; fileRef = 90632AEF28ABC15100D98D15 /* ContentView.swift */; };
		90632B1928ABC15800D98D15 /* ContentView.swift in Sources */ = {isa = PBXBuildFile; fileRef = 90632AEF28ABC15100D98D15 /* ContentView.swift */; };
		90632B1A28ABC15800D98D15 /* Assets.xcassets in Resources */ = {isa = PBXBuildFile; fileRef = 90632AF028ABC15800D98D15 /* Assets.xcassets */; };
		90632B1B28ABC15800D98D15 /* Assets.xcassets in Resources */ = {isa = PBXBuildFile; fileRef = 90632AF028ABC15800D98D15 /* Assets.xcassets */; };
/* End PBXBuildFile section */

/* Begin PBXContainerItemProxy section */
		90632B0328ABC15800D98D15 /* PBXContainerItemProxy */ = {
			isa = PBXContainerItemProxy;
			containerPortal = 90632AE928ABC15000D98D15 /* Project object */;
			proxyType = 1;
			remoteGlobalIDString = 90632AF428ABC15800D98D15;
			remoteInfo = "LoginScreenUI (iOS)";
		};
		90632B0F28ABC15800D98D15 /* PBXContainerItemProxy */ = {
			isa = PBXContainerItemProxy;
			containerPortal = 90632AE928ABC15000D98D15 /* Project object */;
			proxyType = 1;
			remoteGlobalIDString = 90632AFA28ABC15800D98D15;
			remoteInfo = "LoginScreenUI (macOS)";
		};
/* End PBXContainerItemProxy section */

/* Begin PBXFileReference section */
		90632AEE28ABC15100D98D15 /* LoginScreenUIApp.swift */ = {isa = PBXFileReference; lastKnownFileType = sourcecode.swift; path = LoginScreenUIApp.swift; sourceTree = "<group>"; };
		90632AEF28ABC15100D98D15 /* ContentView.swift */ = {isa = PBXFileReference; lastKnownFileType = sourcecode.swift; path = ContentView.swift; sourceTree = "<group>"; };
		90632AF028ABC15800D98D15 /* Assets.xcassets */ = {isa = PBXFileReference; lastKnownFileType = folder.assetcatalog; path = Assets.xcassets; sourceTree = "<group>"; };
		90632AF528ABC15800D98D15 /* LoginScreenUI.app */ = {isa = PBXFileReference; explicitFileType = wrapper.application; includeInIndex = 0; path = LoginScreenUI.app; sourceTree = BUILT_PRODUCTS_DIR; };
		90632AFB28ABC15800D98D15 /* LoginScreenUI.app */ = {isa = PBXFileReference; explicitFileType = wrapper.application; includeInIndex = 0; path = LoginScreenUI.app; sourceTree = BUILT_PRODUCTS_DIR; };
		90632AFD28ABC15800D98D15 /* macOS.entitlements */ = {isa = PBXFileReference; lastKnownFileType = text.plist.entitlements; path = macOS.entitlements; sourceTree = "<group>"; };
		90632B0228ABC15800D98D15 /* Tests iOS.xctest */ = {isa = PBXFileReference; explicitFileType = wrapper.cfbundle; includeInIndex = 0; path = "Tests iOS.xctest"; sourceTree = BUILT_PRODUCTS_DIR; };
		90632B0628ABC15800D98D15 /* Tests_iOS.swift */ = {isa = PBXFileReference; lastKnownFileType = sourcecode.swift; path = Tests_iOS.swift; sourceTree = "<group>"; };
		90632B0828ABC15800D98D15 /* Tests_iOSLaunchTests.swift */ = {isa = PBXFileReference; lastKnownFileType = sourcecode.swift; path = Tests_iOSLaunchTests.swift; sourceTree = "<group>"; };
		90632B0E28ABC15800D98D15 /* Tests macOS.xctest */ = {isa = PBXFileReference; explicitFileType = wrapper.cfbundle; includeInIndex = 0; path = "Tests macOS.xctest"; sourceTree = BUILT_PRODUCTS_DIR; };
		90632B1228ABC15800D98D15 /* Tests_macOS.swift */ = {isa = PBXFileReference; lastKnownFileType = sourcecode.swift; path = Tests_macOS.swift; sourceTree = "<group>"; };
		90632B1428ABC15800D98D15 /* Tests_macOSLaunchTests.swift */ = {isa = PBXFileReference; lastKnownFileType = sourcecode.swift; path = Tests_macOSLaunchTests.swift; sourceTree = "<group>"; };
/* End PBXFileReference section */

/* Begin PBXFrameworksBuildPhase section */
		90632AF228ABC15800D98D15 /* Frameworks */ = {
			isa = PBXFrameworksBuildPhase;
			buildActionMask = 2147483647;
			files = (
			);
			runOnlyForDeploymentPostprocessing = 0;
		};
		90632AF828ABC15800D98D15 /* Frameworks */ = {
			isa = PBXFrameworksBuildPhase;
			buildActionMask = 2147483647;
			files = (
			);
			runOnlyForDeploymentPostprocessing = 0;
		};
		90632AFF28ABC15800D98D15 /* Frameworks */ = {
			isa = PBXFrameworksBuildPhase;
			buildActionMask = 2147483647;
			files = (
			);
			runOnlyForDeploymentPostprocessing = 0;
		};
		90632B0B28ABC15800D98D15 /* Frameworks */ = {
			isa = PBXFrameworksBuildPhase;
			buildActionMask = 2147483647;
			files = (
			);
			runOnlyForDeploymentPostprocessing = 0;
		};
/* End PBXFrameworksBuildPhase section */

/* Begin PBXGroup section */
		90632AE828ABC15000D98D15 = {
			isa = PBXGroup;
			children = (
				90632AED28ABC15100D98D15 /* Shared */,
				90632AFC28ABC15800D98D15 /* macOS */,
				90632B0528ABC15800D98D15 /* Tests iOS */,
				90632B1128ABC15800D98D15 /* Tests macOS */,
				90632AF628ABC15800D98D15 /* Products */,
			);
			sourceTree = "<group>";
		};
		90632AED28ABC15100D98D15 /* Shared */ = {
			isa = PBXGroup;
			children = (
				90632AEE28ABC15100D98D15 /* LoginScreenUIApp.swift */,
				90632AEF28ABC15100D98D15 /* ContentView.swift */,
				90632AF028ABC15800D98D15 /* Assets.xcassets */,
			);
			path = Shared;
			sourceTree = "<group>";
		};
		90632AF628ABC15800D98D15 /* Products */ = {
			isa = PBXGroup;
			children = (
				90632AF528ABC15800D98D15 /* LoginScreenUI.app */,
				90632AFB28ABC15800D98D15 /* LoginScreenUI.app */,
				90632B0228ABC15800D98D15 /* Tests iOS.xctest */,
				90632B0E28ABC15800D98D15 /* Tests macOS.xctest */,
			);
			name = Products;
			sourceTree = "<group>";
		};
		90632AFC28ABC15800D98D15 /* macOS */ = {
			isa = PBXGroup;
			children = (
				90632AFD28ABC15800D98D15 /* macOS.entitlements */,
			);
			path = macOS;
			sourceTree = "<group>";
		};
		90632B0528ABC15800D98D15 /* Tests iOS */ = {
			isa = PBXGroup;
			children = (
				90632B0628ABC15800D98D15 /* Tests_iOS.swift */,
				90632B0828ABC15800D98D15 /* Tests_iOSLaunchTests.swift */,
			);
			path = "Tests iOS";
			sourceTree = "<group>";
		};
		90632B1128ABC15800D98D15 /* Tests macOS */ = {
			isa = PBXGroup;
			children = (
				90632B1228ABC15800D98D15 /* Tests_macOS.swift */,
				90632B1428ABC15800D98D15 /* Tests_macOSLaunchTests.swift */,
			);
			path = "Tests macOS";
			sourceTree = "<group>";
		};
/* End PBXGroup section */

/* Begin PBXNativeTarget section */
		90632AF428ABC15800D98D15 /* LoginScreenUI (iOS) */ = {
			isa = PBXNativeTarget;
			buildConfigurationList = 90632B1E28ABC15800D98D15 /* Build configuration list for PBXNativeTarget "LoginScreenUI (iOS)" */;
			buildPhases = (
				90632AF128ABC15800D98D15 /* Sources */,
				90632AF228ABC15800D98D15 /* Frameworks */,
				90632AF328ABC15800D98D15 /* Resources */,
			);
			buildRules = (
			);
			dependencies = (
			);
			name = "LoginScreenUI (iOS)";
			productName = "LoginScreenUI (iOS)";
			productReference = 90632AF528ABC15800D98D15 /* LoginScreenUI.app */;
			productType = "com.apple.product-type.application";
		};
		90632AFA28ABC15800D98D15 /* LoginScreenUI (macOS) */ = {
			isa = PBXNativeTarget;
			buildConfigurationList = 90632B2128ABC15800D98D15 /* Build configuration list for PBXNativeTarget "LoginScreenUI (macOS)" */;
			buildPhases = (
				90632AF728ABC15800D98D15 /* Sources */,
				90632AF828ABC15800D98D15 /* Frameworks */,
				90632AF928ABC15800D98D15 /* Resources */,
			);
			buildRules = (
			);
			dependencies = (
			);
			name = "LoginScreenUI (macOS)";
			productName = "LoginScreenUI (macOS)";
			productReference = 90632AFB28ABC15800D98D15 /* LoginScreenUI.app */;
			productType = "com.apple.product-type.application";
		};
		90632B0128ABC15800D98D15 /* Tests iOS */ = {
			isa = PBXNativeTarget;
			buildConfigurationList = 90632B2428ABC15800D98D15 /* Build configuration list for PBXNativeTarget "Tests iOS" */;
			buildPhases = (
				90632AFE28ABC15800D98D15 /* Sources */,
				90632AFF28ABC15800D98D15 /* Frameworks */,
				90632B0028ABC15800D98D15 /* Resources */,
			);
			buildRules = (
			);
			dependencies = (
				90632B0428ABC15800D98D15 /* PBXTargetDependency */,
			);
			name = "Tests iOS";
			productName = "Tests iOS";
			productReference = 90632B0228ABC15800D98D15 /* Tests iOS.xctest */;
			productType = "com.apple.product-type.bundle.ui-testing";
		};
		90632B0D28ABC15800D98D15 /* Tests macOS */ = {
			isa = PBXNativeTarget;
			buildConfigurationList = 90632B2728ABC15800D98D15 /* Build configuration list for PBXNativeTarget "Tests macOS" */;
			buildPhases = (
				90632B0A28ABC15800D98D15 /* Sources */,
				90632B0B28ABC15800D98D15 /* Frameworks */,
				90632B0C28ABC15800D98D15 /* Resources */,
			);
			buildRules = (
			);
			dependencies = (
				90632B1028ABC15800D98D15 /* PBXTargetDependency */,
			);
			name = "Tests macOS";
			productName = "Tests macOS";
			productReference = 90632B0E28ABC15800D98D15 /* Tests macOS.xctest */;
			productType = "com.apple.product-type.bundle.ui-testing";
		};
/* End PBXNativeTarget section */

/* Begin PBXProject section */
		90632AE928ABC15000D98D15 /* Project object */ = {
			isa = PBXProject;
			attributes = {
				BuildIndependentTargetsInParallel = 1;
				LastSwiftUpdateCheck = 1340;
				LastUpgradeCheck = 1340;
				TargetAttributes = {
					90632AF428ABC15800D98D15 = {
						CreatedOnToolsVersion = 13.4.1;
					};
					90632AFA28ABC15800D98D15 = {
						CreatedOnToolsVersion = 13.4.1;
					};
					90632B0128ABC15800D98D15 = {
						CreatedOnToolsVersion = 13.4.1;
						TestTargetID = 90632AF428ABC15800D98D15;
					};
					90632B0D28ABC15800D98D15 = {
						CreatedOnToolsVersion = 13.4.1;
						TestTargetID = 90632AFA28ABC15800D98D15;
					};
				};
			};
			buildConfigurationList = 90632AEC28ABC15000D98D15 /* Build configuration list for PBXProject "LoginScreenUI" */;
			compatibilityVersion = "Xcode 13.0";
			developmentRegion = en;
			hasScannedForEncodings = 0;
			knownRegions = (
				en,
				Base,
			);
			mainGroup = 90632AE828ABC15000D98D15;
			productRefGroup = 90632AF628ABC15800D98D15 /* Products */;
			projectDirPath = "";
			projectRoot = "";
			targets = (
				90632AF428ABC15800D98D15 /* LoginScreenUI (iOS) */,
				90632AFA28ABC15800D98D15 /* LoginScreenUI (macOS) */,
				90632B0128ABC15800D98D15 /* Tests iOS */,
				90632B0D28ABC15800D98D15 /* Tests macOS */,
			);
		};
/* End PBXProject section */

/* Begin PBXResourcesBuildPhase section */
		90632AF328ABC15800D98D15 /* Resources */ = {
			isa = PBXResourcesBuildPhase;
			buildActionMask = 2147483647;
			files = (
				90632B1A28ABC15800D98D15 /* Assets.xcassets in Resources */,
			);
			runOnlyForDeploymentPostprocessing = 0;
		};
		90632AF928ABC15800D98D15 /* Resources */ = {
			isa = PBXResourcesBuildPhase;
			buildActionMask = 2147483647;
			files = (
				90632B1B28ABC15800D98D15 /* Assets.xcassets in Resources */,
			);
			runOnlyForDeploymentPostprocessing = 0;
		};
		90632B0028ABC15800D98D15 /* Resources */ = {
			isa = PBXResourcesBuildPhase;
			buildActionMask = 2147483647;
			files = (
			);
			runOnlyForDeploymentPostprocessing = 0;
		};
		90632B0C28ABC15800D98D15 /* Resources */ = {
			isa = PBXResourcesBuildPhase;
			buildActionMask = 2147483647;
			files = (
			);
			runOnlyForDeploymentPostprocessing = 0;
		};
/* End PBXResourcesBuildPhase section */

/* Begin PBXSourcesBuildPhase section */
		90632AF128ABC15800D98D15 /* Sources */ = {
			isa = PBXSourcesBuildPhase;
			buildActionMask = 2147483647;
			files = (
				90632B1828ABC15800D98D15 /* ContentView.swift in Sources */,
				90632B1628ABC15800D98D15 /* LoginScreenUIApp.swift in Sources */,
			);
			runOnlyForDeploymentPostprocessing = 0;
		};
		90632AF728ABC15800D98D15 /* Sources */ = {
			isa = PBXSourcesBuildPhase;
			buildActionMask = 2147483647;
			files = (
				90632B1928ABC15800D98D15 /* ContentView.swift in Sources */,
				90632B1728ABC15800D98D15 /* LoginScreenUIApp.swift in Sources */,
			);
			runOnlyForDeploymentPostprocessing = 0;
		};
		90632AFE28ABC15800D98D15 /* Sources */ = {
			isa = PBXSourcesBuildPhase;
			buildActionMask = 2147483647;
			files = (
				90632B0928ABC15800D98D15 /* Tests_iOSLaunchTests.swift in Sources */,
				90632B0728ABC15800D98D15 /* Tests_iOS.swift in Sources */,
			);
			runOnlyForDeploymentPostprocessing = 0;
		};
		90632B0A28ABC15800D98D15 /* Sources */ = {
			isa = PBXSourcesBuildPhase;
			buildActionMask = 2147483647;
			files = (
				90632B1528ABC15800D98D15 /* Tests_macOSLaunchTests.swift in Sources */,
				90632B1328ABC15800D98D15 /* Tests_macOS.swift in Sources */,
			);
			runOnlyForDeploymentPostprocessing = 0;
		};
/* End PBXSourcesBuildPhase section */

/* Begin PBXTargetDependency section */
		90632B0428ABC15800D98D15 /* PBXTargetDependency */ = {
			isa = PBXTargetDependency;
			target = 90632AF428ABC15800D98D15 /* LoginScreenUI (iOS) */;
			targetProxy = 90632B0328ABC15800D98D15 /* PBXContainerItemProxy */;
		};
		90632B1028ABC15800D98D15 /* PBXTargetDependency */ = {
			isa = PBXTargetDependency;
			target = 90632AFA28ABC15800D98D15 /* LoginScreenUI (macOS) */;
			targetProxy = 90632B0F28ABC15800D98D15 /* PBXContainerItemProxy */;
		};
/* End PBXTargetDependency section */

/* Begin XCBuildConfiguration section */
		90632B1C28ABC15800D98D15 /* Debug */ = {
			isa = XCBuildConfiguration;
			buildSettings = {
				ALWAYS_SEARCH_USER_PATHS = NO;
				CLANG_ANALYZER_NONNULL = YES;
				CLANG_ANALYZER_NUMBER_OBJECT_CONVERSION = YES_AGGRESSIVE;
				CLANG_CXX_LANGUAGE_STANDARD = "gnu++17";
				CLANG_ENABLE_MODULES = YES;
				CLANG_ENABLE_OBJC_ARC = YES;
				CLANG_ENABLE_OBJC_WEAK = YES;
				CLANG_WARN_BLOCK_CAPTURE_AUTORELEASING = YES;
				CLANG_WARN_BOOL_CONVERSION = YES;
				CLANG_WARN_COMMA = YES;
				CLANG_WARN_CONSTANT_CONVERSION = YES;
				CLANG_WARN_DEPRECATED_OBJC_IMPLEMENTATIONS = YES;
				CLANG_WARN_DIRECT_OBJC_ISA_USAGE = YES_ERROR;
				CLANG_WARN_DOCUMENTATION_COMMENTS = YES;
				CLANG_WARN_EMPTY_BODY = YES;
				CLANG_WARN_ENUM_CONVERSION = YES;
				CLANG_WARN_INFINITE_RECURSION = YES;
				CLANG_WARN_INT_CONVERSION = YES;
				CLANG_WARN_NON_LITERAL_NULL_CONVERSION = YES;
				CLANG_WARN_OBJC_IMPLICIT_RETAIN_SELF = YES;
				CLANG_WARN_OBJC_LITERAL_CONVERSION = YES;
				CLANG_WARN_OBJC_ROOT_CLASS = YES_ERROR;
				CLANG_WARN_QUOTED_INCLUDE_IN_FRAMEWORK_HEADER = YES;
				CLANG_WARN_RANGE_LOOP_ANALYSIS = YES;
				CLANG_WARN_STRICT_PROTOTYPES = YES;
				CLANG_WARN_SUSPICIOUS_MOVE = YES;
				CLANG_WARN_UNGUARDED_AVAILABILITY = YES_AGGRESSIVE;
				CLANG_WARN_UNREACHABLE_CODE = YES;
				CLANG_WARN__DUPLICATE_METHOD_MATCH = YES;
				COPY_PHASE_STRIP = NO;
				DEBUG_INFORMATION_FORMAT = dwarf;
				ENABLE_STRICT_OBJC_MSGSEND = YES;
				ENABLE_TESTABILITY = YES;
				GCC_C_LANGUAGE_STANDARD = gnu11;
				GCC_DYNAMIC_NO_PIC = NO;
				GCC_NO_COMMON_BLOCKS = YES;
				GCC_OPTIMIZATION_LEVEL = 0;
				GCC_PREPROCESSOR_DEFINITIONS = (
					"DEBUG=1",
					"$(inherited)",
				);
				GCC_WARN_64_TO_32_BIT_CONVERSION = YES;
				GCC_WARN_ABOUT_RETURN_TYPE = YES_ERROR;
				GCC_WARN_UNDECLARED_SELECTOR = YES;
				GCC_WARN_UNINITIALIZED_AUTOS = YES_AGGRESSIVE;
				GCC_WARN_UNUSED_FUNCTION = YES;
				GCC_WARN_UNUSED_VARIABLE = YES;
				MTL_ENABLE_DEBUG_INFO = INCLUDE_SOURCE;
				MTL_FAST_MATH = YES;
				ONLY_ACTIVE_ARCH = YES;
				SWIFT_ACTIVE_COMPILATION_CONDITIONS = DEBUG;
				SWIFT_OPTIMIZATION_LEVEL = "-Onone";
			};
			name = Debug;
		};
		90632B1D28ABC15800D98D15 /* Release */ = {
			isa = XCBuildConfiguration;
			buildSettings = {
				ALWAYS_SEARCH_USER_PATHS = NO;
				CLANG_ANALYZER_NONNULL = YES;
				CLANG_ANALYZER_NUMBER_OBJECT_CONVERSION = YES_AGGRESSIVE;
				CLANG_CXX_LANGUAGE_STANDARD = "gnu++17";
				CLANG_ENABLE_MODULES = YES;
				CLANG_ENABLE_OBJC_ARC = YES;
				CLANG_ENABLE_OBJC_WEAK = YES;
				CLANG_WARN_BLOCK_CAPTURE_AUTORELEASING = YES;
				CLANG_WARN_BOOL_CONVERSION = YES;
				CLANG_WARN_COMMA = YES;
				CLANG_WARN_CONSTANT_CONVERSION = YES;
				CLANG_WARN_DEPRECATED_OBJC_IMPLEMENTATIONS = YES;
				CLANG_WARN_DIRECT_OBJC_ISA_USAGE = YES_ERROR;
				CLANG_WARN_DOCUMENTATION_COMMENTS = YES;
				CLANG_WARN_EMPTY_BODY = YES;
				CLANG_WARN_ENUM_CONVERSION = YES;
				CLANG_WARN_INFINITE_RECURSION = YES;
				CLANG_WARN_INT_CONVERSION = YES;
				CLANG_WARN_NON_LITERAL_NULL_CONVERSION = YES;
				CLANG_WARN_OBJC_IMPLICIT_RETAIN_SELF = YES;
				CLANG_WARN_OBJC_LITERAL_CONVERSION = YES;
				CLANG_WARN_OBJC_ROOT_CLASS = YES_ERROR;
				CLANG_WARN_QUOTED_INCLUDE_IN_FRAMEWORK_HEADER = YES;
				CLANG_WARN_RANGE_LOOP_ANALYSIS = YES;
				CLANG_WARN_STRICT_PROTOTYPES = YES;
				CLANG_WARN_SUSPICIOUS_MOVE = YES;
				CLANG_WARN_UNGUARDED_AVAILABILITY = YES_AGGRESSIVE;
				CLANG_WARN_UNREACHABLE_CODE = YES;
				CLANG_WARN__DUPLICATE_METHOD_MATCH = YES;
				COPY_PHASE_STRIP = NO;
				DEBUG_INFORMATION_FORMAT = "dwarf-with-dsym";
				ENABLE_NS_ASSERTIONS = NO;
				ENABLE_STRICT_OBJC_MSGSEND = YES;
				GCC_C_LANGUAGE_STANDARD = gnu11;
				GCC_NO_COMMON_BLOCKS = YES;
				GCC_WARN_64_TO_32_BIT_CONVERSION = YES;
				GCC_WARN_ABOUT_RETURN_TYPE = YES_ERROR;
				GCC_WARN_UNDECLARED_SELECTOR = YES;
				GCC_WARN_UNINITIALIZED_AUTOS = YES_AGGRESSIVE;
				GCC_WARN_UNUSED_FUNCTION = YES;
				GCC_WARN_UNUSED_VARIABLE = YES;
				MTL_ENABLE_DEBUG_INFO = NO;
				MTL_FAST_MATH = YES;
				SWIFT_COMPILATION_MODE = wholemodule;
				SWIFT_OPTIMIZATION_LEVEL = "-O";
			};
			name = Release;
		};
		90632B1F28ABC15800D98D15 /* Debug */ = {
			isa = XCBuildConfiguration;
			buildSettings = {
				ASSETCATALOG_COMPILER_APPICON_NAME = AppIcon;
				ASSETCATALOG_COMPILER_GLOBAL_ACCENT_COLOR_NAME = AccentColor;
				CODE_SIGN_STYLE = Automatic;
				CURRENT_PROJECT_VERSION = 1;
				ENABLE_PREVIEWS = YES;
				GENERATE_INFOPLIST_FILE = YES;
				INFOPLIST_KEY_UIApplicationSceneManifest_Generation = YES;
				INFOPLIST_KEY_UIApplicationSupportsIndirectInputEvents = YES;
				INFOPLIST_KEY_UILaunchScreen_Generation = YES;
				INFOPLIST_KEY_UISupportedInterfaceOrientations_iPad = "UIInterfaceOrientationPortrait UIInterfaceOrientationPortraitUpsideDown UIInterfaceOrientationLandscapeLeft UIInterfaceOrientationLandscapeRight";
				INFOPLIST_KEY_UISupportedInterfaceOrientations_iPhone = "UIInterfaceOrientationPortrait UIInterfaceOrientationLandscapeLeft UIInterfaceOrientationLandscapeRight";
				IPHONEOS_DEPLOYMENT_TARGET = 15.5;
				LD_RUNPATH_SEARCH_PATHS = (
					"$(inherited)",
					"@executable_path/Frameworks",
				);
				MARKETING_VERSION = 1.0;
				PRODUCT_BUNDLE_IDENTIFIER = com.example.LoginScreenUI;
				PRODUCT_NAME = LoginScreenUI;
				SDKROOT = iphoneos;
				SWIFT_EMIT_LOC_STRINGS = YES;
				SWIFT_VERSION = 5.0;
				TARGETED_DEVICE_FAMILY = "1,2";
			};
			name = Debug;
		};
		90632B2028ABC15800D98D15 /* Release */ = {
			isa = XCBuildConfiguration;
			buildSettings = {
				ASSETCATALOG_COMPILER_APPICON_NAME = AppIcon;
				ASSETCATALOG_COMPILER_GLOBAL_ACCENT_COLOR_NAME = AccentColor;
				CODE_SIGN_STYLE = Automatic;
				CURRENT_PROJECT_VERSION = 1;
				ENABLE_PREVIEWS = YES;
				GENERATE_INFOPLIST_FILE = YES;
				INFOPLIST_KEY_UIApplicationSceneManifest_Generation = YES;
				INFOPLIST_KEY_UIApplicationSupportsIndirectInputEvents = YES;
				INFOPLIST_KEY_UILaunchScreen_Generation = YES;
				INFOPLIST_KEY_UISupportedInterfaceOrientations_iPad = "UIInterfaceOrientationPortrait UIInterfaceOrientationPortraitUpsideDown UIInterfaceOrientationLandscapeLeft UIInterfaceOrientationLandscapeRight";
				INFOPLIST_KEY_UISupportedInterfaceOrientations_iPhone = "UIInterfaceOrientationPortrait UIInterfaceOrientationLandscapeLeft UIInterfaceOrientationLandscapeRight";
				IPHONEOS_DEPLOYMENT_TARGET = 15.5;
				LD_RUNPATH_SEARCH_PATHS = (
					"$(inherited)",
					"@executable_path/Frameworks",
				);
				MARKETING_VERSION = 1.0;
				PRODUCT_BUNDLE_IDENTIFIER = com.example.LoginScreenUI;
				PRODUCT_NAME = LoginScreenUI;
				SDKROOT = iphoneos;
				SWIFT_EMIT_LOC_STRINGS = YES;
				SWIFT_VERSION = 5.0;
				TARGETED_DEVICE_FAMILY = "1,2";
				VALIDATE_PRODUCT = YES;
			};
			name = Release;
		};
		90632B2228ABC15800D98D15 /* Debug */ = {
			isa = XCBuildConfiguration;
			buildSettings = {
				ASSETCATALOG_COMPILER_APPICON_NAME = AppIcon;
				ASSETCATALOG_COMPILER_GLOBAL_ACCENT_COLOR_NAME = AccentColor;
				CODE_SIGN_ENTITLEMENTS = macOS/macOS.entitlements;
				CODE_SIGN_STYLE = Automatic;
				COMBINE_HIDPI_IMAGES = YES;
				CURRENT_PROJECT_VERSION = 1;
				ENABLE_PREVIEWS = YES;
				GENERATE_INFOPLIST_FILE = YES;
				INFOPLIST_KEY_NSHumanReadableCopyright = "";
				LD_RUNPATH_SEARCH_PATHS = (
					"$(inherited)",
					"@executable_path/../Frameworks",
				);
				MACOSX_DEPLOYMENT_TARGET = 12.3;
				MARKETING_VERSION = 1.0;
				PRODUCT_BUNDLE_IDENTIFIER = com.example.LoginScreenUI;
				PRODUCT_NAME = LoginScreenUI;
				SDKROOT = macosx;
				SWIFT_EMIT_LOC_STRINGS = YES;
				SWIFT_VERSION = 5.0;
			};
			name = Debug;
		};
		90632B2328ABC15800D98D15 /* Release */ = {
			isa = XCBuildConfiguration;
			buildSettings = {
				ASSETCATALOG_COMPILER_APPICON_NAME = AppIcon;
				ASSETCATALOG_COMPILER_GLOBAL_ACCENT_COLOR_NAME = AccentColor;
				CODE_SIGN_ENTITLEMENTS = macOS/macOS.entitlements;
				CODE_SIGN_STYLE = Automatic;
				COMBINE_HIDPI_IMAGES = YES;
				CURRENT_PROJECT_VERSION = 1;
				ENABLE_PREVIEWS = YES;
				GENERATE_INFOPLIST_FILE = YES;
				INFOPLIST_KEY_NSHumanReadableCopyright = "";
				LD_RUNPATH_SEARCH_PATHS = (
					"$(inherited)",
					"@executable_path/../Frameworks",
				);
				MACOSX_DEPLOYMENT_TARGET = 12.3;
				MARKETING_VERSION = 1.0;
				PRODUCT_BUNDLE_IDENTIFIER = com.example.LoginScreenUI;
				PRODUCT_NAME = LoginScreenUI;
				SDKROOT = macosx;
				SWIFT_EMIT_LOC_STRINGS = YES;
				SWIFT_VERSION = 5.0;
			};
			name = Release;
		};
		90632B2528ABC15800D98D15 /* Debug */ = {
			isa = XCBuildConfiguration;
			buildSettings = {
				ALWAYS_EMBED_SWIFT_STANDARD_LIBRARIES = YES;
				CODE_SIGN_STYLE = Automatic;
				CURRENT_PROJECT_VERSION = 1;
				GENERATE_INFOPLIST_FILE = YES;
				IPHONEOS_DEPLOYMENT_TARGET = 15.5;
				MARKETING_VERSION = 1.0;
				PRODUCT_BUNDLE_IDENTIFIER = "com.example.Tests-iOS";
				PRODUCT_NAME = "$(TARGET_NAME)";
				SDKROOT = iphoneos;
				SWIFT_EMIT_LOC_STRINGS = NO;
				SWIFT_VERSION = 5.0;
				TARGETED_DEVICE_FAMILY = "1,2";
				TEST_TARGET_NAME = "LoginScreenUI (iOS)";
			};
			name = Debug;
		};
		90632B2628ABC15800D98D15 /* Release */ = {
			isa = XCBuildConfiguration;
			buildSettings = {
				ALWAYS_EMBED_SWIFT_STANDARD_LIBRARIES = YES;
				CODE_SIGN_STYLE = Automatic;
				CURRENT_PROJECT_VERSION = 1;
				GENERATE_INFOPLIST_FILE = YES;
				IPHONEOS_DEPLOYMENT_TARGET = 15.5;
				MARKETING_VERSION = 1.0;
				PRODUCT_BUNDLE_IDENTIFIER = "com.example.Tests-iOS";
				PRODUCT_NAME = "$(TARGET_NAME)";
				SDKROOT = iphoneos;
				SWIFT_EMIT_LOC_STRINGS = NO;
				SWIFT_VERSION = 5.0;
				TARGETED_DEVICE_FAMILY = "1,2";
				TEST_TARGET_NAME = "LoginScreenUI (iOS)";
				VALIDATE_PRODUCT = YES;
			};
			name = Release;
		};
		90632B2828ABC15800D98D15 /* Debug */ = {
			isa = XCBuildConfiguration;
			buildSettings = {
				ALWAYS_EMBED_SWIFT_STANDARD_LIBRARIES = YES;
				CODE_SIGN_STYLE = Automatic;
				CURRENT_PROJECT_VERSION = 1;
				GENERATE_INFOPLIST_FILE = YES;
				MACOSX_DEPLOYMENT_TARGET = 12.3;
				MARKETING_VERSION = 1.0;
				PRODUCT_BUNDLE_IDENTIFIER = "com.example.Tests-macOS";
				PRODUCT_NAME = "$(TARGET_NAME)";
				SDKROOT = macosx;
				SWIFT_EMIT_LOC_STRINGS = NO;
				SWIFT_VERSION = 5.0;
				TEST_TARGET_NAME = "LoginScreenUI (macOS)";
			};
			name = Debug;
		};
		90632B2928ABC15800D98D15 /* Release */ = {
			isa = XCBuildConfiguration;
			buildSettings = {
				ALWAYS_EMBED_SWIFT_STANDARD_LIBRARIES = YES;
				CODE_SIGN_STYLE = Automatic;
				CURRENT_PROJECT_VERSION = 1;
				GENERATE_INFOPLIST_FILE = YES;
				MACOSX_DEPLOYMENT_TARGET = 12.3;
				MARKETING_VERSION = 1.0;
				PRODUCT_BUNDLE_IDENTIFIER = "com.example.Tests-macOS";
				PRODUCT_NAME = "$(TARGET_NAME)";
				SDKROOT = macosx;
				SWIFT_EMIT_LOC_STRINGS = NO;
				SWIFT_VERSION = 5.0;
				TEST_TARGET_NAME = "LoginScreenUI (macOS)";
			};
			name = Release;
		};
/* End XCBuildConfiguration section */

/* Begin XCConfigurationList section */
		90632AEC28ABC15000D98D15 /* Build configuration list for PBXProject "LoginScreenUI" */ = {
			isa = XCConfigurationList;
			buildConfigurations = (
				90632B1C28ABC15800D98D15 /* Debug */,
				90632B1D28ABC15800D98D15 /* Release */,
			);
			defaultConfigurationIsVisible = 0;
			defaultConfigurationName = Release;
		};
		90632B1E28ABC15800D98D15 /* Build configuration list for PBXNativeTarget "LoginScreenUI (iOS)" */ = {
			isa = XCConfigurationList;
			buildConfigurations = (
				90632B1F28ABC15800D98D15 /* Debug */,
				90632B2028ABC15800D98D15 /* Release */,
			);
			defaultConfigurationIsVisible = 0;
			defaultConfigurationName = Release;
		};
		90632B2128ABC15800D98D15 /* Build configuration list for PBXNativeTarget "LoginScreenUI (macOS)" */ = {
			isa = XCConfigurationList;
			buildConfigurations = (
				90632B2228ABC15800D98D15 /* Debug */,
				90632B2328ABC15800D98D15 /* Release */,
			);
			defaultConfigurationIsVisible = 0;
			defaultConfigurationName = Release;
		};
		90632B2428ABC15800D98D15 /* Build configuration list for PBXNativeTarget "Tests iOS" */ = {
			isa = XCConfigurationList;
			buildConfigurations = (
				90632B2528ABC15800D98D15 /* Debug */,
				90632B2628ABC15800D98D15 /* Release */,
			);
			defaultConfigurationIsVisible = 0;
			defaultConfigurationName = Release;
		};
		90632B2728ABC15800D98D15 /* Build configuration list for PBXNativeTarget "Tests macOS" */ = {
			isa = XCConfigurationList;
			buildConfigurations = (
				90632B2828ABC15800D98D15 /* Debug */,
				90632B2928ABC15800D98D15 /* Release */,
			);
			defaultConfigurationIsVisible = 0;
			defaultConfigurationName = Release;
		};
/* End XCConfigurationList section */
	};
	rootObject = 90632AE928ABC15000D98D15 /* Project object */;
}
